Microsoft Visual Studio Solution File, Format Version 11.00
# Visual Studio 2008

Project("{A1153BB5-D978-9DD8-84D3-917A415FFF5D}") = "Yu-gi-oh", "Assembly-CSharp.csproj", "{72245F55-84AB-1FCF-DEE3-0611AC8C03D4}"
EndProject
Project("{A1153BB5-D978-9DD8-84D3-917A415FFF5D}") = "Yu-gi-oh", "Assembly-CSharp-Editor.csproj", "{FEFB1459-5E8C-4E99-0BF9-BD97D7C40934}"
EndProject
Project("{A1153BB5-D978-9DD8-84D3-917A415FFF5D}") = "Yu-gi-oh", "Assembly-UnityScript.unityproj", "{13F1D340-2A69-3E1A-16B9-EC3D06D58EE2}"
EndProject
Project("{A1153BB5-D978-9DD8-84D3-917A415FFF5D}") = "Yu-gi-oh", "Assembly-UnityScript-Editor-firstpass.unityproj", "{FF1A0605-EE94-61ED-FFC6-6C34349136AB}"
EndProject
Global
	GlobalSection(SolutionConfigurationPlatforms) = preSolution
		Debug|Any CPU = Debug|Any CPU
		Release|Any CPU = Release|Any CPU
	EndGlobalSection
	GlobalSection(ProjectConfigurationPlatforms) = postSolution
		{72245F55-84AB-1FCF-DEE3-0611AC8C03D4}.Debug|Any CPU.ActiveCfg = Debug|Any CPU
		{72245F55-84AB-1FCF-DEE3-0611AC8C03D4}.Debug|Any CPU.Build.0 = Debug|Any CPU
		{72245F55-84AB-1FCF-DEE3-0611AC8C03D4}.Release|Any CPU.ActiveCfg = Release|Any CPU
		{72245F55-84AB-1FCF-DEE3-0611AC8C03D4}.Release|Any CPU.Build.0 = Release|Any CPU
		{FEFB1459-5E8C-4E99-0BF9-BD97D7C40934}.Debug|Any CPU.ActiveCfg = Debug|Any CPU
		{FEFB1459-5E8C-4E99-0BF9-BD97D7C40934}.Debug|Any CPU.Build.0 = Debug|Any CPU
		{FEFB1459-5E8C-4E99-0BF9-BD97D7C40934}.Release|Any CPU.ActiveCfg = Release|Any CPU
		{FEFB1459-5E8C-4E99-0BF9-BD97D7C40934}.Release|Any CPU.Build.0 = Release|Any CPU
		{13F1D340-2A69-3E1A-16B9-EC3D06D58EE2}.Debug|Any CPU.ActiveCfg = Debug|Any CPU
		{13F1D340-2A69-3E1A-16B9-EC3D06D58EE2}.Debug|Any CPU.Build.0 = Debug|Any CPU
		{13F1D340-2A69-3E1A-16B9-EC3D06D58EE2}.Release|Any CPU.ActiveCfg = Release|Any CPU
		{13F1D340-2A69-3E1A-16B9-EC3D06D58EE2}.Release|Any CPU.Build.0 = Release|Any CPU
		{FF1A0605-EE94-61ED-FFC6-6C34349136AB}.Debug|Any CPU.ActiveCfg = Debug|Any CPU
		{FF1A0605-EE94-61ED-FFC6-6C34349136AB}.Debug|Any CPU.Build.0 = Debug|Any CPU
		{FF1A0605-EE94-61ED-FFC6-6C34349136AB}.Release|Any CPU.ActiveCfg = Release|Any CPU
		{FF1A0605-EE94-61ED-FFC6-6C34349136AB}.Release|Any CPU.Build.0 = Release|Any CPU
	EndGlobalSection
	GlobalSection(SolutionProperties) = preSolution
		HideSolutionNode = FALSE
	EndGlobalSection
																	GlobalSection(MonoDevelopProperties) = preSolution
		StartupItem = Assembly-CSharp.csproj
		Policies = $0
		$0.TextStylePolicy = $1
		$1.inheritsSet = null
		$1.scope = text/x-csharp
		$0.CSharpFormattingPolicy = $2
		$2.inheritsSet = Mono
		$2.inheritsScope = text/x-csharp
		$2.scope = text/x-csharp
		$0.TextStylePolicy = $3
		$3.FileWidth = 120
		$3.TabWidth = 4
		$3.IndentWidth = 4
		$3.EolMarker = Unix
		$3.inheritsSet = Mono
		$3.inheritsScope = text/plain
		$3.scope = text/plain
	EndGlobalSection

EndGlobal
